
Microsoft Visual Studio Solution File, Format Version 12.00
# Visual Studio 15
VisualStudioVersion = 15.0.27428.2011
MinimumVisualStudioVersion = 10.0.40219.1
Project("{FAE04EC0-301F-11D3-BF4B-00C04F79EFBC}") = "Domains.API", "Domains.API\Domains.API.csproj", "{529419F4-F8A1-408B-9D2D-98133564EE12}"
EndProject
Global
	GlobalSection(SolutionConfigurationPlatforms) = preSolution
		Debug|Any CPU = Debug|Any CPU
		Release|Any CPU = Release|Any CPU
	EndGlobalSection
	GlobalSection(ProjectConfigurationPlatforms) = postSolution
		{529419F4-F8A1-408B-9D2D-98133564EE12}.Debug|Any CPU.ActiveCfg = Debug|Any CPU
		{529419F4-F8A1-408B-9D2D-98133564EE12}.Debug|Any CPU.Build.0 = Debug|Any CPU
		{529419F4-F8A1-408B-9D2D-98133564EE12}.Release|Any CPU.ActiveCfg = Release|Any CPU
		{529419F4-F8A1-408B-9D2D-98133564EE12}.Release|Any CPU.Build.0 = Release|Any CPU
	EndGlobalSection
	GlobalSection(SolutionProperties) = preSolution
		HideSolutionNode = FALSE
	EndGlobalSection
	GlobalSection(ExtensibilityGlobals) = postSolution
		SolutionGuid = {0F0A3D64-5021-4017-A2E7-A9F2D1039050}
	EndGlobalSection
EndGlobal
